# This file is autogenerated, do not edit; changes may be undone by the next 'dep ensure'.


[[projects]]
  digest = "1:af00cfacf37413a3eee137e7f5b38e86b22496964f1f2b31e8fd88efd23e8c32"
  name = "github.com/tidwall/gjson"
  packages = ["."]
  pruneopts = "UT"
  revision = "081192fa2e471ddff3ec98a3cc04fecfd031ed57"
  version = "v1.1.4"

[[projects]]
  digest = "1:8453ddbed197809ee8ca28b06bd04e127bec9912deb4ba451fea7a1eca578328"
  name = "github.com/tidwall/match"
  packages = ["."]
  pruneopts = "UT"
  revision = "33827db735fff6510490d69a8622612558a557ed"
  version = "v1.0.1"

[solve-meta]
  analyzer-name = "dep"
  analyzer-version = 1
  input-imports = ["github.com/tidwall/gjson"]
  solver-name = "gps-cdcl"
  solver-version = 1
